
Microsoft Visual Studio Solution File, Format Version 12.00
# Visual Studio Version 17
VisualStudioVersion = 17.12.35521.163
MinimumVisualStudioVersion = 10.0.40219.1
Project("{2150E333-8FDC-42A3-9474-1A3956D46DE8}") = "01 - Presentation Layer", "01 - Presentation Layer", "{4A8FECC3-6F71-4138-8E35-A95DD3A1B512}"
EndProject
Project("{FAE04EC0-301F-11D3-BF4B-00C04F79EFBC}") = "GUI", "01 - Presentation Layer\UI\GUI.csproj", "{A1983988-9F3B-426C-86EB-85CC2F82D12A}"
EndProject
Project("{2150E333-8FDC-42A3-9474-1A3956D46DE8}") = "02 - Services Layer", "02 - Services Layer", "{9FB0F55E-3E4C-4C14-9D79-D9FEA9224228}"
EndProject
Project("{FAE04EC0-301F-11D3-BF4B-00C04F79EFBC}") = "Services", "02 - Service Layer\Services\Services.csproj", "{D58541B8-FC9B-41F9-84CB-BBF2E4FC92E8}"
EndProject
Project("{2150E333-8FDC-42A3-9474-1A3956D46DE8}") = "03 - Business Logic Layer", "03 - Business Logic Layer", "{B80335ED-725B-4FAC-962C-ACEF7635BCEE}"
EndProject
Project("{FAE04EC0-301F-11D3-BF4B-00C04F79EFBC}") = "BLL", "03 - Business Logic Layer\BLL\BLL.csproj", "{DCBC5CB4-953B-4992-B0CA-29971BC3AA8D}"
EndProject
Project("{2150E333-8FDC-42A3-9474-1A3956D46DE8}") = "04 - Business Entity", "04 - Business Entity", "{BE220AAC-476A-483C-A564-9E830C53D83F}"
EndProject
Project("{FAE04EC0-301F-11D3-BF4B-00C04F79EFBC}") = "BE", "04 - Business Entity\BE\BE.csproj", "{CCE48E47-9873-4C85-8BCB-0703049EF98B}"
EndProject
Project("{2150E333-8FDC-42A3-9474-1A3956D46DE8}") = "05 - Data Access Layer", "05 - Data Access Layer", "{30F9E35E-240F-4FF7-BFBF-8E7F9E79BDCE}"
EndProject
Project("{FAE04EC0-301F-11D3-BF4B-00C04F79EFBC}") = "DAL", "05 - Data Access Layer\DAL\DAL.csproj", "{690F50E0-422D-4946-B545-54AA4F53517F}"
EndProject
Global
	GlobalSection(SolutionConfigurationPlatforms) = preSolution
		Debug|Any CPU = Debug|Any CPU
		Debug|x64 = Debug|x64
		Debug|x86 = Debug|x86
		Release|Any CPU = Release|Any CPU
		Release|x64 = Release|x64
		Release|x86 = Release|x86
	EndGlobalSection
	GlobalSection(ProjectConfigurationPlatforms) = postSolution
		{A1983988-9F3B-426C-86EB-85CC2F82D12A}.Debug|Any CPU.ActiveCfg = Debug|Any CPU
		{A1983988-9F3B-426C-86EB-85CC2F82D12A}.Debug|Any CPU.Build.0 = Debug|Any CPU
		{A1983988-9F3B-426C-86EB-85CC2F82D12A}.Debug|x64.ActiveCfg = Debug|Any CPU
		{A1983988-9F3B-426C-86EB-85CC2F82D12A}.Debug|x64.Build.0 = Debug|Any CPU
		{A1983988-9F3B-426C-86EB-85CC2F82D12A}.Debug|x86.ActiveCfg = Debug|Any CPU
		{A1983988-9F3B-426C-86EB-85CC2F82D12A}.Debug|x86.Build.0 = Debug|Any CPU
		{A1983988-9F3B-426C-86EB-85CC2F82D12A}.Release|Any CPU.ActiveCfg = Release|Any CPU
		{A1983988-9F3B-426C-86EB-85CC2F82D12A}.Release|Any CPU.Build.0 = Release|Any CPU
		{A1983988-9F3B-426C-86EB-85CC2F82D12A}.Release|x64.ActiveCfg = Release|Any CPU
		{A1983988-9F3B-426C-86EB-85CC2F82D12A}.Release|x64.Build.0 = Release|Any CPU
		{A1983988-9F3B-426C-86EB-85CC2F82D12A}.Release|x86.ActiveCfg = Release|Any CPU
		{A1983988-9F3B-426C-86EB-85CC2F82D12A}.Release|x86.Build.0 = Release|Any CPU
		{D58541B8-FC9B-41F9-84CB-BBF2E4FC92E8}.Debug|Any CPU.ActiveCfg = Debug|Any CPU
		{D58541B8-FC9B-41F9-84CB-BBF2E4FC92E8}.Debug|Any CPU.Build.0 = Debug|Any CPU
		{D58541B8-FC9B-41F9-84CB-BBF2E4FC92E8}.Debug|x64.ActiveCfg = Debug|Any CPU
		{D58541B8-FC9B-41F9-84CB-BBF2E4FC92E8}.Debug|x64.Build.0 = Debug|Any CPU
		{D58541B8-FC9B-41F9-84CB-BBF2E4FC92E8}.Debug|x86.ActiveCfg = Debug|Any CPU
		{D58541B8-FC9B-41F9-84CB-BBF2E4FC92E8}.Debug|x86.Build.0 = Debug|Any CPU
		{D58541B8-FC9B-41F9-84CB-BBF2E4FC92E8}.Release|Any CPU.ActiveCfg = Release|Any CPU
		{D58541B8-FC9B-41F9-84CB-BBF2E4FC92E8}.Release|Any CPU.Build.0 = Release|Any CPU
		{D58541B8-FC9B-41F9-84CB-BBF2E4FC92E8}.Release|x64.ActiveCfg = Release|Any CPU
		{D58541B8-FC9B-41F9-84CB-BBF2E4FC92E8}.Release|x64.Build.0 = Release|Any CPU
		{D58541B8-FC9B-41F9-84CB-BBF2E4FC92E8}.Release|x86.ActiveCfg = Release|Any CPU
		{D58541B8-FC9B-41F9-84CB-BBF2E4FC92E8}.Release|x86.Build.0 = Release|Any CPU
		{DCBC5CB4-953B-4992-B0CA-29971BC3AA8D}.Debug|Any CPU.ActiveCfg = Debug|Any CPU
		{DCBC5CB4-953B-4992-B0CA-29971BC3AA8D}.Debug|Any CPU.Build.0 = Debug|Any CPU
		{DCBC5CB4-953B-4992-B0CA-29971BC3AA8D}.Debug|x64.ActiveCfg = Debug|Any CPU
		{DCBC5CB4-953B-4992-B0CA-29971BC3AA8D}.Debug|x64.Build.0 = Debug|Any CPU
		{DCBC5CB4-953B-4992-B0CA-29971BC3AA8D}.Debug|x86.ActiveCfg = Debug|Any CPU
		{DCBC5CB4-953B-4992-B0CA-29971BC3AA8D}.Debug|x86.Build.0 = Debug|Any CPU
		{DCBC5CB4-953B-4992-B0CA-29971BC3AA8D}.Release|Any CPU.ActiveCfg = Release|Any CPU
		{DCBC5CB4-953B-4992-B0CA-29971BC3AA8D}.Release|Any CPU.Build.0 = Release|Any CPU
		{DCBC5CB4-953B-4992-B0CA-29971BC3AA8D}.Release|x64.ActiveCfg = Release|Any CPU
		{DCBC5CB4-953B-4992-B0CA-29971BC3AA8D}.Release|x64.Build.0 = Release|Any CPU
		{DCBC5CB4-953B-4992-B0CA-29971BC3AA8D}.Release|x86.ActiveCfg = Release|Any CPU
		{DCBC5CB4-953B-4992-B0CA-29971BC3AA8D}.Release|x86.Build.0 = Release|Any CPU
		{CCE48E47-9873-4C85-8BCB-0703049EF98B}.Debug|Any CPU.ActiveCfg = Debug|Any CPU
		{CCE48E47-9873-4C85-8BCB-0703049EF98B}.Debug|Any CPU.Build.0 = Debug|Any CPU
		{CCE48E47-9873-4C85-8BCB-0703049EF98B}.Debug|x64.ActiveCfg = Debug|Any CPU
		{CCE48E47-9873-4C85-8BCB-0703049EF98B}.Debug|x64.Build.0 = Debug|Any CPU
		{CCE48E47-9873-4C85-8BCB-0703049EF98B}.Debug|x86.ActiveCfg = Debug|Any CPU
		{CCE48E47-9873-4C85-8BCB-0703049EF98B}.Debug|x86.Build.0 = Debug|Any CPU
		{CCE48E47-9873-4C85-8BCB-0703049EF98B}.Release|Any CPU.ActiveCfg = Release|Any CPU
		{CCE48E47-9873-4C85-8BCB-0703049EF98B}.Release|Any CPU.Build.0 = Release|Any CPU
		{CCE48E47-9873-4C85-8BCB-0703049EF98B}.Release|x64.ActiveCfg = Release|Any CPU
		{CCE48E47-9873-4C85-8BCB-0703049EF98B}.Release|x64.Build.0 = Release|Any CPU
		{CCE48E47-9873-4C85-8BCB-0703049EF98B}.Release|x86.ActiveCfg = Release|Any CPU
		{CCE48E47-9873-4C85-8BCB-0703049EF98B}.Release|x86.Build.0 = Release|Any CPU
		{690F50E0-422D-4946-B545-54AA4F53517F}.Debug|Any CPU.ActiveCfg = Debug|Any CPU
		{690F50E0-422D-4946-B545-54AA4F53517F}.Debug|Any CPU.Build.0 = Debug|Any CPU
		{690F50E0-422D-4946-B545-54AA4F53517F}.Debug|x64.ActiveCfg = Debug|Any CPU
		{690F50E0-422D-4946-B545-54AA4F53517F}.Debug|x64.Build.0 = Debug|Any CPU
		{690F50E0-422D-4946-B545-54AA4F53517F}.Debug|x86.ActiveCfg = Debug|Any CPU
		{690F50E0-422D-4946-B545-54AA4F53517F}.Debug|x86.Build.0 = Debug|Any CPU
		{690F50E0-422D-4946-B545-54AA4F53517F}.Release|Any CPU.ActiveCfg = Release|Any CPU
		{690F50E0-422D-4946-B545-54AA4F53517F}.Release|Any CPU.Build.0 = Release|Any CPU
		{690F50E0-422D-4946-B545-54AA4F53517F}.Release|x64.ActiveCfg = Release|Any CPU
		{690F50E0-422D-4946-B545-54AA4F53517F}.Release|x64.Build.0 = Release|Any CPU
		{690F50E0-422D-4946-B545-54AA4F53517F}.Release|x86.ActiveCfg = Release|Any CPU
		{690F50E0-422D-4946-B545-54AA4F53517F}.Release|x86.Build.0 = Release|Any CPU
	EndGlobalSection
	GlobalSection(SolutionProperties) = preSolution
		HideSolutionNode = FALSE
	EndGlobalSection
	GlobalSection(NestedProjects) = preSolution
		{A1983988-9F3B-426C-86EB-85CC2F82D12A} = {4A8FECC3-6F71-4138-8E35-A95DD3A1B512}
		{D58541B8-FC9B-41F9-84CB-BBF2E4FC92E8} = {9FB0F55E-3E4C-4C14-9D79-D9FEA9224228}
		{DCBC5CB4-953B-4992-B0CA-29971BC3AA8D} = {B80335ED-725B-4FAC-962C-ACEF7635BCEE}
		{CCE48E47-9873-4C85-8BCB-0703049EF98B} = {BE220AAC-476A-483C-A564-9E830C53D83F}
		{690F50E0-422D-4946-B545-54AA4F53517F} = {30F9E35E-240F-4FF7-BFBF-8E7F9E79BDCE}
	EndGlobalSection
EndGlobal
